lockfileVersion: '9.0'

settings:
  autoInstallPeers: true
  excludeLinksFromLockfile: false

importers:

  .:
    devDependencies:
      '@types/node':
        specifier: ^24.10.9
        version: 24.10.9

packages:

  '@types/node@24.10.9':
    resolution: {integrity: sha512-ne4A0IpG3+2ETuREInjPNhUGis1SFjv1d5asp8MzEAGtOZeTeHVDOYqOgqfhvseqg/iXty2hjBf1zAOb7RNiNw==}

  undici-types@7.16.0:
    resolution: {integrity: sha512-Zz+aZWSj8LE6zoxD+xrjh4VfkIG8Ya6LvYkZqtUQGJPZjYl53ypCaUwWqo7eI0x66KBGeRo+mlBEkMSeSZ38Nw==}

snapshots:

  '@types/node@24.10.9':
    dependencies:
      undici-types: 7.16.0

  undici-types@7.16.0: {}
